
Microsoft Visual Studio Solution File, Format Version 12.00
# Visual Studio Version 17
VisualStudioVersion = 17.1.32407.343
MinimumVisualStudioVersion = 10.0.40219.1
Project("{FAE04EC0-301F-11D3-BF4B-00C04F79EFBC}") = "PolynomLib", "PolynomLib\PolynomLib.csproj", "{B25C6984-B5CA-4140-9F72-F78D34A5B5FC}"
EndProject
Project("{FAE04EC0-301F-11D3-BF4B-00C04F79EFBC}") = "ConsoleInterface", "ConsoleInterface\ConsoleInterface.csproj", "{214C09CF-DE40-4FFE-AAD1-A11389B9A8CF}"
EndProject
Global
	GlobalSection(SolutionConfigurationPlatforms) = preSolution
		Debug|Any CPU = Debug|Any CPU
		Release|Any CPU = Release|Any CPU
	EndGlobalSection
	GlobalSection(ProjectConfigurationPlatforms) = postSolution
		{B25C6984-B5CA-4140-9F72-F78D34A5B5FC}.Debug|Any CPU.ActiveCfg = Debug|Any CPU
		{B25C6984-B5CA-4140-9F72-F78D34A5B5FC}.Debug|Any CPU.Build.0 = Debug|Any CPU
		{B25C6984-B5CA-4140-9F72-F78D34A5B5FC}.Release|Any CPU.ActiveCfg = Release|Any CPU
		{B25C6984-B5CA-4140-9F72-F78D34A5B5FC}.Release|Any CPU.Build.0 = Release|Any CPU
		{214C09CF-DE40-4FFE-AAD1-A11389B9A8CF}.Debug|Any CPU.ActiveCfg = Debug|Any CPU
		{214C09CF-DE40-4FFE-AAD1-A11389B9A8CF}.Debug|Any CPU.Build.0 = Debug|Any CPU
		{214C09CF-DE40-4FFE-AAD1-A11389B9A8CF}.Release|Any CPU.ActiveCfg = Release|Any CPU
		{214C09CF-DE40-4FFE-AAD1-A11389B9A8CF}.Release|Any CPU.Build.0 = Release|Any CPU
	EndGlobalSection
	GlobalSection(SolutionProperties) = preSolution
		HideSolutionNode = FALSE
	EndGlobalSection
	GlobalSection(ExtensibilityGlobals) = postSolution
		SolutionGuid = {B7CD91B1-361C-4BDD-999D-F9B1A399F847}
	EndGlobalSection
EndGlobal
