
Microsoft Visual Studio Solution File, Format Version 12.00
# Visual Studio Version 17
VisualStudioVersion = 17.1.32407.343
MinimumVisualStudioVersion = 10.0.40219.1
Project("{9A19103F-16F7-4668-BE54-9A1E7A4F7556}") = "SystemSolution4", "SystemSolution4\SystemSolution4.csproj", "{3CD13C1D-CD17-4C4C-B278-F8F8D5DFCCD7}"
EndProject
Project("{9A19103F-16F7-4668-BE54-9A1E7A4F7556}") = "MatrixLib", "MatrixLib\MatrixLib.csproj", "{EAC1F22B-AD47-4E23-96CE-E4640D66A8D9}"
EndProject
Project("{FAE04EC0-301F-11D3-BF4B-00C04F79EFBC}") = "GradientDescending", "GradientDescending\GradientDescending.csproj", "{4D9D257E-61E2-404A-8D52-EF204538B743}"
EndProject
Global
	GlobalSection(SolutionConfigurationPlatforms) = preSolution
		Debug|Any CPU = Debug|Any CPU
		Release|Any CPU = Release|Any CPU
	EndGlobalSection
	GlobalSection(ProjectConfigurationPlatforms) = postSolution
		{3CD13C1D-CD17-4C4C-B278-F8F8D5DFCCD7}.Debug|Any CPU.ActiveCfg = Debug|Any CPU
		{3CD13C1D-CD17-4C4C-B278-F8F8D5DFCCD7}.Debug|Any CPU.Build.0 = Debug|Any CPU
		{3CD13C1D-CD17-4C4C-B278-F8F8D5DFCCD7}.Release|Any CPU.ActiveCfg = Release|Any CPU
		{3CD13C1D-CD17-4C4C-B278-F8F8D5DFCCD7}.Release|Any CPU.Build.0 = Release|Any CPU
		{EAC1F22B-AD47-4E23-96CE-E4640D66A8D9}.Debug|Any CPU.ActiveCfg = Debug|Any CPU
		{EAC1F22B-AD47-4E23-96CE-E4640D66A8D9}.Debug|Any CPU.Build.0 = Debug|Any CPU
		{EAC1F22B-AD47-4E23-96CE-E4640D66A8D9}.Release|Any CPU.ActiveCfg = Release|Any CPU
		{EAC1F22B-AD47-4E23-96CE-E4640D66A8D9}.Release|Any CPU.Build.0 = Release|Any CPU
		{4D9D257E-61E2-404A-8D52-EF204538B743}.Debug|Any CPU.ActiveCfg = Debug|Any CPU
		{4D9D257E-61E2-404A-8D52-EF204538B743}.Debug|Any CPU.Build.0 = Debug|Any CPU
		{4D9D257E-61E2-404A-8D52-EF204538B743}.Release|Any CPU.ActiveCfg = Release|Any CPU
		{4D9D257E-61E2-404A-8D52-EF204538B743}.Release|Any CPU.Build.0 = Release|Any CPU
	EndGlobalSection
	GlobalSection(SolutionProperties) = preSolution
		HideSolutionNode = FALSE
	EndGlobalSection
	GlobalSection(ExtensibilityGlobals) = postSolution
		SolutionGuid = {0C6F1F2D-24E6-472E-9EA5-80DDBA5C1E7E}
	EndGlobalSection
EndGlobal
